
Microsoft Visual Studio Solution File, Format Version 12.00
# Visual Studio Version 17
VisualStudioVersion = 17.5.33530.505
MinimumVisualStudioVersion = 10.0.40219.1
Project("{FAE04EC0-301F-11D3-BF4B-00C04F79EFBC}") = "TiendaMiguel", "TiendaMiguel\TiendaMiguel.csproj", "{AD160DC9-B625-4BCE-9579-9A692F141ECC}"
EndProject
Global
	GlobalSection(SolutionConfigurationPlatforms) = preSolution
		Debug|Any CPU = Debug|Any CPU
		Release|Any CPU = Release|Any CPU
	EndGlobalSection
	GlobalSection(ProjectConfigurationPlatforms) = postSolution
		{AD160DC9-B625-4BCE-9579-9A692F141ECC}.Debug|Any CPU.ActiveCfg = Debug|Any CPU
		{AD160DC9-B625-4BCE-9579-9A692F141ECC}.Debug|Any CPU.Build.0 = Debug|Any CPU
		{AD160DC9-B625-4BCE-9579-9A692F141ECC}.Release|Any CPU.ActiveCfg = Release|Any CPU
		{AD160DC9-B625-4BCE-9579-9A692F141ECC}.Release|Any CPU.Build.0 = Release|Any CPU
	EndGlobalSection
	GlobalSection(SolutionProperties) = preSolution
		HideSolutionNode = FALSE
	EndGlobalSection
	GlobalSection(ExtensibilityGlobals) = postSolution
		SolutionGuid = {1B36A709-0098-411E-BB71-5B278B8BA796}
	EndGlobalSection
EndGlobal
